
Microsoft Visual Studio Solution File, Format Version 12.00
# Visual Studio 15
VisualStudioVersion = 15.0.27004.2009
MinimumVisualStudioVersion = 10.0.40219.1
Project("{FAE04EC0-301F-11D3-BF4B-00C04F79EFBC}") = "SEMLMT", "SEMLMT\SEMLMT.csproj", "{E7B24CD4-D027-4944-860D-C008F0E4AB2D}"
EndProject
Global
	GlobalSection(SolutionConfigurationPlatforms) = preSolution
		Debug|Any CPU = Debug|Any CPU
		Release|Any CPU = Release|Any CPU
	EndGlobalSection
	GlobalSection(ProjectConfigurationPlatforms) = postSolution
		{E7B24CD4-D027-4944-860D-C008F0E4AB2D}.Debug|Any CPU.ActiveCfg = Debug|Any CPU
		{E7B24CD4-D027-4944-860D-C008F0E4AB2D}.Debug|Any CPU.Build.0 = Debug|Any CPU
		{E7B24CD4-D027-4944-860D-C008F0E4AB2D}.Release|Any CPU.ActiveCfg = Release|Any CPU
		{E7B24CD4-D027-4944-860D-C008F0E4AB2D}.Release|Any CPU.Build.0 = Release|Any CPU
	EndGlobalSection
	GlobalSection(SolutionProperties) = preSolution
		HideSolutionNode = FALSE
	EndGlobalSection
	GlobalSection(ExtensibilityGlobals) = postSolution
		SolutionGuid = {6A384D37-C70A-4AFC-9E8D-D67E9E2EE71A}
	EndGlobalSection
EndGlobal
